
Microsoft Visual Studio Solution File, Format Version 12.00
# Visual Studio Version 16
VisualStudioVersion = 16.0.30114.105
MinimumVisualStudioVersion = 10.0.40219.1
Project("{FAE04EC0-301F-11D3-BF4B-00C04F79EFBC}") = "LotoCharts.API", "LotoCharts.API\LotoCharts.API.csproj", "{DAAAA341-A0DB-4CBA-96C3-586188A2B928}"
EndProject
Project("{FAE04EC0-301F-11D3-BF4B-00C04F79EFBC}") = "LotoCharts.DI", "LotoCharts.DI\LotoCharts.DI.csproj", "{98E3635F-EBA4-4E78-9CA6-102166C774F2}"
EndProject
Project("{FAE04EC0-301F-11D3-BF4B-00C04F79EFBC}") = "LotoCharts.Domain", "LotoCharts.Domain\LotoCharts.Domain.csproj", "{4237B629-D989-48A9-88DF-6092133E5203}"
EndProject
Project("{FAE04EC0-301F-11D3-BF4B-00C04F79EFBC}") = "LotoCharts.Infra", "LotoCharts.Infra\LotoCharts.Infra.csproj", "{B655FDAA-39CA-4158-8C3E-7776A70480BE}"
EndProject
Project("{FAE04EC0-301F-11D3-BF4B-00C04F79EFBC}") = "LotoCharts.Services", "LotoCharts.Services\LotoCharts.Services.csproj", "{52798C0B-70E9-40C4-8F4A-3C741F0D2808}"
EndProject
Project("{FAE04EC0-301F-11D3-BF4B-00C04F79EFBC}") = "LotoCharts.Tests", "LotoCharts.Tests\LotoCharts.Tests.csproj", "{3BA932E9-15A2-4A31-9048-B8CE7AEAC16D}"
EndProject
Global
	GlobalSection(SolutionConfigurationPlatforms) = preSolution
		Debug|Any CPU = Debug|Any CPU
		Release|Any CPU = Release|Any CPU
	EndGlobalSection
	GlobalSection(SolutionProperties) = preSolution
		HideSolutionNode = FALSE
	EndGlobalSection
	GlobalSection(ProjectConfigurationPlatforms) = postSolution
		{DAAAA341-A0DB-4CBA-96C3-586188A2B928}.Debug|Any CPU.ActiveCfg = Debug|Any CPU
		{DAAAA341-A0DB-4CBA-96C3-586188A2B928}.Debug|Any CPU.Build.0 = Debug|Any CPU
		{DAAAA341-A0DB-4CBA-96C3-586188A2B928}.Release|Any CPU.ActiveCfg = Release|Any CPU
		{DAAAA341-A0DB-4CBA-96C3-586188A2B928}.Release|Any CPU.Build.0 = Release|Any CPU
		{98E3635F-EBA4-4E78-9CA6-102166C774F2}.Debug|Any CPU.ActiveCfg = Debug|Any CPU
		{98E3635F-EBA4-4E78-9CA6-102166C774F2}.Debug|Any CPU.Build.0 = Debug|Any CPU
		{98E3635F-EBA4-4E78-9CA6-102166C774F2}.Release|Any CPU.ActiveCfg = Release|Any CPU
		{98E3635F-EBA4-4E78-9CA6-102166C774F2}.Release|Any CPU.Build.0 = Release|Any CPU
		{4237B629-D989-48A9-88DF-6092133E5203}.Debug|Any CPU.ActiveCfg = Debug|Any CPU
		{4237B629-D989-48A9-88DF-6092133E5203}.Debug|Any CPU.Build.0 = Debug|Any CPU
		{4237B629-D989-48A9-88DF-6092133E5203}.Release|Any CPU.ActiveCfg = Release|Any CPU
		{4237B629-D989-48A9-88DF-6092133E5203}.Release|Any CPU.Build.0 = Release|Any CPU
		{B655FDAA-39CA-4158-8C3E-7776A70480BE}.Debug|Any CPU.ActiveCfg = Debug|Any CPU
		{B655FDAA-39CA-4158-8C3E-7776A70480BE}.Debug|Any CPU.Build.0 = Debug|Any CPU
		{B655FDAA-39CA-4158-8C3E-7776A70480BE}.Release|Any CPU.ActiveCfg = Release|Any CPU
		{B655FDAA-39CA-4158-8C3E-7776A70480BE}.Release|Any CPU.Build.0 = Release|Any CPU
		{52798C0B-70E9-40C4-8F4A-3C741F0D2808}.Debug|Any CPU.ActiveCfg = Debug|Any CPU
		{52798C0B-70E9-40C4-8F4A-3C741F0D2808}.Debug|Any CPU.Build.0 = Debug|Any CPU
		{52798C0B-70E9-40C4-8F4A-3C741F0D2808}.Release|Any CPU.ActiveCfg = Release|Any CPU
		{52798C0B-70E9-40C4-8F4A-3C741F0D2808}.Release|Any CPU.Build.0 = Release|Any CPU
		{3BA932E9-15A2-4A31-9048-B8CE7AEAC16D}.Debug|Any CPU.ActiveCfg = Debug|Any CPU
		{3BA932E9-15A2-4A31-9048-B8CE7AEAC16D}.Debug|Any CPU.Build.0 = Debug|Any CPU
		{3BA932E9-15A2-4A31-9048-B8CE7AEAC16D}.Release|Any CPU.ActiveCfg = Release|Any CPU
		{3BA932E9-15A2-4A31-9048-B8CE7AEAC16D}.Release|Any CPU.Build.0 = Release|Any CPU
	EndGlobalSection
EndGlobal
